// !$*UTF8*$!
{
	archiveVersion = 1;
	classes = {
	};
	objectVersion = 56;
	objects = {

/* Begin PBXBuildFile section */
		D85B6DA52C3A9207004C90F3 /* AppDelegate.swift in Sources */ = {isa = PBXBuildFile; fileRef = D85B6DA42C3A9207004C90F3 /* AppDelegate.swift */; };
		D85B6DA72C3A9207004C90F3 /* SceneDelegate.swift in Sources */ = {isa = PBXBuildFile; fileRef = D85B6DA62C3A9207004C90F3 /* SceneDelegate.swift */; };
		D85B6DA92C3A9207004C90F3 /* ViewController.swift in Sources */ = {isa = PBXBuildFile; fileRef = D85B6DA82C3A9207004C90F3 /* ViewController.swift */; };
		D85B6DAC2C3A9207004C90F3 /* Base in Resources */ = {isa = PBXBuildFile; fileRef = D85B6DAB2C3A9207004C90F3 /* Base */; };
		D85B6DAE2C3A9209004C90F3 /* Assets.xcassets in Resources */ = {isa = PBXBuildFile; fileRef = D85B6DAD2C3A9209004C90F3 /* Assets.xcassets */; };
		D85B6DB12C3A9209004C90F3 /* Base in Resources */ = {isa = PBXBuildFile; fileRef = D85B6DB02C3A9209004C90F3 /* Base */; };
		D85B6DBD2C3A9262004C90F3 /* Toast in Frameworks */ = {isa = PBXBuildFile; productRef = D85B6DBC2C3A9262004C90F3 /* Toast */; };
		D85B6DC02C3A9291004C90F3 /* RealmSwift in Frameworks */ = {isa = PBXBuildFile; productRef = D85B6DBF2C3A9291004C90F3 /* RealmSwift */; };
		D85B6DC32C3A929C004C90F3 /* Kingfisher in Frameworks */ = {isa = PBXBuildFile; productRef = D85B6DC22C3A929C004C90F3 /* Kingfisher */; };
		D85B6DC62C3A92AB004C90F3 /* Alamofire in Frameworks */ = {isa = PBXBuildFile; productRef = D85B6DC52C3A92AB004C90F3 /* Alamofire */; };
		D85B6DC92C3A92BC004C90F3 /* SnapKit in Frameworks */ = {isa = PBXBuildFile; productRef = D85B6DC82C3A92BC004C90F3 /* SnapKit */; };
		D85B6DCB2C3A9312004C90F3 /* TotalViewController.swift in Sources */ = {isa = PBXBuildFile; fileRef = D85B6DCA2C3A9312004C90F3 /* TotalViewController.swift */; };
		D85B6DCD2C3A9D1F004C90F3 /* NewViewController.swift in Sources */ = {isa = PBXBuildFile; fileRef = D85B6DCC2C3A9D1F004C90F3 /* NewViewController.swift */; };
		D85B6DCF2C3A9F46004C90F3 /* TotalCollectionViewCell.swift in Sources */ = {isa = PBXBuildFile; fileRef = D85B6DCE2C3A9F46004C90F3 /* TotalCollectionViewCell.swift */; };
		D85B6DD12C3AB37E004C90F3 /* NewTableViewCell.swift in Sources */ = {isa = PBXBuildFile; fileRef = D85B6DD02C3AB37E004C90F3 /* NewTableViewCell.swift */; };
		D85B6DD32C3B4BA4004C90F3 /* DateViewController.swift in Sources */ = {isa = PBXBuildFile; fileRef = D85B6DD22C3B4BA4004C90F3 /* DateViewController.swift */; };
		D85B6DD52C3B5B62004C90F3 /* TagViewController.swift in Sources */ = {isa = PBXBuildFile; fileRef = D85B6DD42C3B5B62004C90F3 /* TagViewController.swift */; };
		D85B6DD72C3B67C6004C90F3 /* PriorityViewController.swift in Sources */ = {isa = PBXBuildFile; fileRef = D85B6DD62C3B67C6004C90F3 /* PriorityViewController.swift */; };
		D85B6DE02C3BF332004C90F3 /* RealmModel.swift in Sources */ = {isa = PBXBuildFile; fileRef = D85B6DDF2C3BF332004C90F3 /* RealmModel.swift */; };
		D85B6DE42C3C49B5004C90F3 /* WooTableRepository.swift in Sources */ = {isa = PBXBuildFile; fileRef = D85B6DE32C3C49B5004C90F3 /* WooTableRepository.swift */; };
		D85B6DE62C3C4A7F004C90F3 /* ListViewController.swift in Sources */ = {isa = PBXBuildFile; fileRef = D85B6DE52C3C4A7F004C90F3 /* ListViewController.swift */; };
		D85B6DE82C3C4B16004C90F3 /* ListTableViewCell.swift in Sources */ = {isa = PBXBuildFile; fileRef = D85B6DE72C3C4B16004C90F3 /* ListTableViewCell.swift */; };
		D85B6E282C3D3EC4004C90F3 /* DateViewModel.swift in Sources */ = {isa = PBXBuildFile; fileRef = D85B6E272C3D3EC4004C90F3 /* DateViewModel.swift */; };
		D85B6E2A2C3D3EF8004C90F3 /* Observable.swift in Sources */ = {isa = PBXBuildFile; fileRef = D85B6E292C3D3EF8004C90F3 /* Observable.swift */; };
/* End PBXBuildFile section */

/* Begin PBXFileReference section */
		D85B6DA12C3A9207004C90F3 /* ReminderProject.app */ = {isa = PBXFileReference; explicitFileType = wrapper.application; includeInIndex = 0; path = ReminderProject.app; sourceTree = BUILT_PRODUCTS_DIR; };
		D85B6DA42C3A9207004C90F3 /* AppDelegate.swift */ = {isa = PBXFileReference; lastKnownFileType = sourcecode.swift; path = AppDelegate.swift; sourceTree = "<group>"; };
		D85B6DA62C3A9207004C90F3 /* SceneDelegate.swift */ = {isa = PBXFileReference; lastKnownFileType = sourcecode.swift; path = SceneDelegate.swift; sourceTree = "<group>"; };
		D85B6DA82C3A9207004C90F3 /* ViewController.swift */ = {isa = PBXFileReference; lastKnownFileType = sourcecode.swift; path = ViewController.swift; sourceTree = "<group>"; };
		D85B6DAB2C3A9207004C90F3 /* Base */ = {isa = PBXFileReference; lastKnownFileType = file.storyboard; name = Base; path = Base.lproj/Main.storyboard; sourceTree = "<group>"; };
		D85B6DAD2C3A9209004C90F3 /* Assets.xcassets */ = {isa = PBXFileReference; lastKnownFileType = folder.assetcatalog; path = Assets.xcassets; sourceTree = "<group>"; };
		D85B6DB02C3A9209004C90F3 /* Base */ = {isa = PBXFileReference; lastKnownFileType = file.storyboard; name = Base; path = Base.lproj/LaunchScreen.storyboard; sourceTree = "<group>"; };
		D85B6DB22C3A9209004C90F3 /* Info.plist */ = {isa = PBXFileReference; lastKnownFileType = text.plist.xml; path = Info.plist; sourceTree = "<group>"; };
		D85B6DCA2C3A9312004C90F3 /* TotalViewController.swift */ = {isa = PBXFileReference; lastKnownFileType = sourcecode.swift; path = TotalViewController.swift; sourceTree = "<group>"; };
		D85B6DCC2C3A9D1F004C90F3 /* NewViewController.swift */ = {isa = PBXFileReference; lastKnownFileType = sourcecode.swift; path = NewViewController.swift; sourceTree = "<group>"; };
		D85B6DCE2C3A9F46004C90F3 /* TotalCollectionViewCell.swift */ = {isa = PBXFileReference; lastKnownFileType = sourcecode.swift; path = TotalCollectionViewCell.swift; sourceTree = "<group>"; };
		D85B6DD02C3AB37E004C90F3 /* NewTableViewCell.swift */ = {isa = PBXFileReference; lastKnownFileType = sourcecode.swift; path = NewTableViewCell.swift; sourceTree = "<group>"; };
		D85B6DD22C3B4BA4004C90F3 /* DateViewController.swift */ = {isa = PBXFileReference; lastKnownFileType = sourcecode.swift; path = DateViewController.swift; sourceTree = "<group>"; };
		D85B6DD42C3B5B62004C90F3 /* TagViewController.swift */ = {isa = PBXFileReference; lastKnownFileType = sourcecode.swift; path = TagViewController.swift; sourceTree = "<group>"; };
		D85B6DD62C3B67C6004C90F3 /* PriorityViewController.swift */ = {isa = PBXFileReference; lastKnownFileType = sourcecode.swift; path = PriorityViewController.swift; sourceTree = "<group>"; };
		D85B6DDF2C3BF332004C90F3 /* RealmModel.swift */ = {isa = PBXFileReference; lastKnownFileType = sourcecode.swift; path = RealmModel.swift; sourceTree = "<group>"; };
		D85B6DE32C3C49B5004C90F3 /* WooTableRepository.swift */ = {isa = PBXFileReference; lastKnownFileType = sourcecode.swift; path = WooTableRepository.swift; sourceTree = "<group>"; };
		D85B6DE52C3C4A7F004C90F3 /* ListViewController.swift */ = {isa = PBXFileReference; lastKnownFileType = sourcecode.swift; path = ListViewController.swift; sourceTree = "<group>"; };
		D85B6DE72C3C4B16004C90F3 /* ListTableViewCell.swift */ = {isa = PBXFileReference; lastKnownFileType = sourcecode.swift; path = ListTableViewCell.swift; sourceTree = "<group>"; };
		D85B6E272C3D3EC4004C90F3 /* DateViewModel.swift */ = {isa = PBXFileReference; lastKnownFileType = sourcecode.swift; path = DateViewModel.swift; sourceTree = "<group>"; };
		D85B6E292C3D3EF8004C90F3 /* Observable.swift */ = {isa = PBXFileReference; lastKnownFileType = sourcecode.swift; path = Observable.swift; sourceTree = "<group>"; };
/* End PBXFileReference section */

/* Begin PBXFrameworksBuildPhase section */
		D85B6D9E2C3A9207004C90F3 /* Frameworks */ = {
			isa = PBXFrameworksBuildPhase;
			buildActionMask = 2147483647;
			files = (
				D85B6DC32C3A929C004C90F3 /* Kingfisher in Frameworks */,
				D85B6DC62C3A92AB004C90F3 /* Alamofire in Frameworks */,
				D85B6DC02C3A9291004C90F3 /* RealmSwift in Frameworks */,
				D85B6DBD2C3A9262004C90F3 /* Toast in Frameworks */,
				D85B6DC92C3A92BC004C90F3 /* SnapKit in Frameworks */,
			);
			runOnlyForDeploymentPostprocessing = 0;
		};
/* End PBXFrameworksBuildPhase section */

/* Begin PBXGroup section */
		D85B6D982C3A9207004C90F3 = {
			isa = PBXGroup;
			children = (
				D85B6DA32C3A9207004C90F3 /* ReminderProject */,
				D85B6DA22C3A9207004C90F3 /* Products */,
			);
			sourceTree = "<group>";
		};
		D85B6DA22C3A9207004C90F3 /* Products */ = {
			isa = PBXGroup;
			children = (
				D85B6DA12C3A9207004C90F3 /* ReminderProject.app */,
			);
			name = Products;
			sourceTree = "<group>";
		};
		D85B6DA32C3A9207004C90F3 /* ReminderProject */ = {
			isa = PBXGroup;
			children = (
				D85B6E292C3D3EF8004C90F3 /* Observable.swift */,
				D85B6E262C3D3EBA004C90F3 /* Model */,
				D85B6DDC2C3BF315004C90F3 /* Database */,
				D85B6DBA2C3A924A004C90F3 /* List */,
				D85B6DB92C3A9229004C90F3 /* Register */,
				D85B6DB82C3A921E004C90F3 /* Total */,
				D85B6DA42C3A9207004C90F3 /* AppDelegate.swift */,
				D85B6DA62C3A9207004C90F3 /* SceneDelegate.swift */,
				D85B6DA82C3A9207004C90F3 /* ViewController.swift */,
				D85B6DAA2C3A9207004C90F3 /* Main.storyboard */,
				D85B6DAD2C3A9209004C90F3 /* Assets.xcassets */,
				D85B6DAF2C3A9209004C90F3 /* LaunchScreen.storyboard */,
				D85B6DB22C3A9209004C90F3 /* Info.plist */,
			);
			path = ReminderProject;
			sourceTree = "<group>";
		};
		D85B6DB82C3A921E004C90F3 /* Total */ = {
			isa = PBXGroup;
			children = (
				D85B6DCA2C3A9312004C90F3 /* TotalViewController.swift */,
				D85B6DCE2C3A9F46004C90F3 /* TotalCollectionViewCell.swift */,
			);
			path = Total;
			sourceTree = "<group>";
		};
		D85B6DB92C3A9229004C90F3 /* Register */ = {
			isa = PBXGroup;
			children = (
				D85B6DCC2C3A9D1F004C90F3 /* NewViewController.swift */,
				D85B6DD02C3AB37E004C90F3 /* NewTableViewCell.swift */,
				D85B6DD22C3B4BA4004C90F3 /* DateViewController.swift */,
				D85B6DD42C3B5B62004C90F3 /* TagViewController.swift */,
				D85B6DD62C3B67C6004C90F3 /* PriorityViewController.swift */,
			);
			path = Register;
			sourceTree = "<group>";
		};
		D85B6DBA2C3A924A004C90F3 /* List */ = {
			isa = PBXGroup;
			children = (
				D85B6DE52C3C4A7F004C90F3 /* ListViewController.swift */,
				D85B6DE72C3C4B16004C90F3 /* ListTableViewCell.swift */,
			);
			path = List;
			sourceTree = "<group>";
		};
		D85B6DDC2C3BF315004C90F3 /* Database */ = {
			isa = PBXGroup;
			children = (
				D85B6DDF2C3BF332004C90F3 /* RealmModel.swift */,
				D85B6DE32C3C49B5004C90F3 /* WooTableRepository.swift */,
			);
			path = Database;
			sourceTree = "<group>";
		};
		D85B6E262C3D3EBA004C90F3 /* Model */ = {
			isa = PBXGroup;
			children = (
				D85B6E272C3D3EC4004C90F3 /* DateViewModel.swift */,
			);
			path = Model;
			sourceTree = "<group>";
		};
/* End PBXGroup section */

/* Begin PBXNativeTarget section */
		D85B6DA02C3A9207004C90F3 /* ReminderProject */ = {
			isa = PBXNativeTarget;
			buildConfigurationList = D85B6DB52C3A9209004C90F3 /* Build configuration list for PBXNativeTarget "ReminderProject" */;
			buildPhases = (
				D85B6D9D2C3A9207004C90F3 /* Sources */,
				D85B6D9E2C3A9207004C90F3 /* Frameworks */,
				D85B6D9F2C3A9207004C90F3 /* Resources */,
			);
			buildRules = (
			);
			dependencies = (
			);
			name = ReminderProject;
			packageProductDependencies = (
				D85B6DBC2C3A9262004C90F3 /* Toast */,
				D85B6DBF2C3A9291004C90F3 /* RealmSwift */,
				D85B6DC22C3A929C004C90F3 /* Kingfisher */,
				D85B6DC52C3A92AB004C90F3 /* Alamofire */,
				D85B6DC82C3A92BC004C90F3 /* SnapKit */,
			);
			productName = ReminderProject;
			productReference = D85B6DA12C3A9207004C90F3 /* ReminderProject.app */;
			productType = "com.apple.product-type.application";
		};
/* End PBXNativeTarget section */

/* Begin PBXProject section */
		D85B6D992C3A9207004C90F3 /* Project object */ = {
			isa = PBXProject;
			attributes = {
				BuildIndependentTargetsInParallel = 1;
				LastSwiftUpdateCheck = 1540;
				LastUpgradeCheck = 1540;
				TargetAttributes = {
					D85B6DA02C3A9207004C90F3 = {
						CreatedOnToolsVersion = 15.4;
					};
				};
			};
			buildConfigurationList = D85B6D9C2C3A9207004C90F3 /* Build configuration list for PBXProject "ReminderProject" */;
			compatibilityVersion = "Xcode 14.0";
			developmentRegion = en;
			hasScannedForEncodings = 0;
			knownRegions = (
				en,
				Base,
			);
			mainGroup = D85B6D982C3A9207004C90F3;
			packageReferences = (
				D85B6DBB2C3A9262004C90F3 /* XCRemoteSwiftPackageReference "Toast-Swift" */,
				D85B6DBE2C3A9291004C90F3 /* XCRemoteSwiftPackageReference "realm-swift" */,
				D85B6DC12C3A929C004C90F3 /* XCRemoteSwiftPackageReference "Kingfisher" */,
				D85B6DC42C3A92AB004C90F3 /* XCRemoteSwiftPackageReference "Alamofire" */,
				D85B6DC72C3A92BC004C90F3 /* XCRemoteSwiftPackageReference "SnapKit" */,
			);
			productRefGroup = D85B6DA22C3A9207004C90F3 /* Products */;
			projectDirPath = "";
			projectRoot = "";
			targets = (
				D85B6DA02C3A9207004C90F3 /* ReminderProject */,
			);
		};
/* End PBXProject section */

/* Begin PBXResourcesBuildPhase section */
		D85B6D9F2C3A9207004C90F3 /* Resources */ = {
			isa = PBXResourcesBuildPhase;
			buildActionMask = 2147483647;
			files = (
				D85B6DAE2C3A9209004C90F3 /* Assets.xcassets in Resources */,
				D85B6DB12C3A9209004C90F3 /* Base in Resources */,
				D85B6DAC2C3A9207004C90F3 /* Base in Resources */,
			);
			runOnlyForDeploymentPostprocessing = 0;
		};
/* End PBXResourcesBuildPhase section */

/* Begin PBXSourcesBuildPhase section */
		D85B6D9D2C3A9207004C90F3 /* Sources */ = {
			isa = PBXSourcesBuildPhase;
			buildActionMask = 2147483647;
			files = (
				D85B6E2A2C3D3EF8004C90F3 /* Observable.swift in Sources */,
				D85B6DE42C3C49B5004C90F3 /* WooTableRepository.swift in Sources */,
				D85B6DD32C3B4BA4004C90F3 /* DateViewController.swift in Sources */,
				D85B6DA92C3A9207004C90F3 /* ViewController.swift in Sources */,
				D85B6DA52C3A9207004C90F3 /* AppDelegate.swift in Sources */,
				D85B6DE02C3BF332004C90F3 /* RealmModel.swift in Sources */,
				D85B6DCD2C3A9D1F004C90F3 /* NewViewController.swift in Sources */,
				D85B6DD72C3B67C6004C90F3 /* PriorityViewController.swift in Sources */,
				D85B6DE82C3C4B16004C90F3 /* ListTableViewCell.swift in Sources */,
				D85B6DCF2C3A9F46004C90F3 /* TotalCollectionViewCell.swift in Sources */,
				D85B6DD12C3AB37E004C90F3 /* NewTableViewCell.swift in Sources */,
				D85B6DD52C3B5B62004C90F3 /* TagViewController.swift in Sources */,
				D85B6DA72C3A9207004C90F3 /* SceneDelegate.swift in Sources */,
				D85B6E282C3D3EC4004C90F3 /* DateViewModel.swift in Sources */,
				D85B6DE62C3C4A7F004C90F3 /* ListViewController.swift in Sources */,
				D85B6DCB2C3A9312004C90F3 /* TotalViewController.swift in Sources */,
			);
			runOnlyForDeploymentPostprocessing = 0;
		};
/* End PBXSourcesBuildPhase section */

/* Begin PBXVariantGroup section */
		D85B6DAA2C3A9207004C90F3 /* Main.storyboard */ = {
			isa = PBXVariantGroup;
			children = (
				D85B6DAB2C3A9207004C90F3 /* Base */,
			);
			name = Main.storyboard;
			sourceTree = "<group>";
		};
		D85B6DAF2C3A9209004C90F3 /* LaunchScreen.storyboard */ = {
			isa = PBXVariantGroup;
			children = (
				D85B6DB02C3A9209004C90F3 /* Base */,
			);
			name = LaunchScreen.storyboard;
			sourceTree = "<group>";
		};
/* End PBXVariantGroup section */

/* Begin XCBuildConfiguration section */
		D85B6DB32C3A9209004C90F3 /* Debug */ = {
			isa = XCBuildConfiguration;
			buildSettings = {
				ALWAYS_SEARCH_USER_PATHS = NO;
				ASSETCATALOG_COMPILER_GENERATE_SWIFT_ASSET_SYMBOL_EXTENSIONS = YES;
				CLANG_ANALYZER_NONNULL = YES;
				CLANG_ANALYZER_NUMBER_OBJECT_CONVERSION = YES_AGGRESSIVE;
				CLANG_CXX_LANGUAGE_STANDARD = "gnu++20";
				CLANG_ENABLE_MODULES = YES;
				CLANG_ENABLE_OBJC_ARC = YES;
				CLANG_ENABLE_OBJC_WEAK = YES;
				CLANG_WARN_BLOCK_CAPTURE_AUTORELEASING = YES;
				CLANG_WARN_BOOL_CONVERSION = YES;
				CLANG_WARN_COMMA = YES;
				CLANG_WARN_CONSTANT_CONVERSION = YES;
				CLANG_WARN_DEPRECATED_OBJC_IMPLEMENTATIONS = YES;
				CLANG_WARN_DIRECT_OBJC_ISA_USAGE = YES_ERROR;
				CLANG_WARN_DOCUMENTATION_COMMENTS = YES;
				CLANG_WARN_EMPTY_BODY = YES;
				CLANG_WARN_ENUM_CONVERSION = YES;
				CLANG_WARN_INFINITE_RECURSION = YES;
				CLANG_WARN_INT_CONVERSION = YES;
				CLANG_WARN_NON_LITERAL_NULL_CONVERSION = YES;
				CLANG_WARN_OBJC_IMPLICIT_RETAIN_SELF = YES;
				CLANG_WARN_OBJC_LITERAL_CONVERSION = YES;
				CLANG_WARN_OBJC_ROOT_CLASS = YES_ERROR;
				CLANG_WARN_QUOTED_INCLUDE_IN_FRAMEWORK_HEADER = YES;
				CLANG_WARN_RANGE_LOOP_ANALYSIS = YES;
				CLANG_WARN_STRICT_PROTOTYPES = YES;
				CLANG_WARN_SUSPICIOUS_MOVE = YES;
				CLANG_WARN_UNGUARDED_AVAILABILITY = YES_AGGRESSIVE;
				CLANG_WARN_UNREACHABLE_CODE = YES;
				CLANG_WARN__DUPLICATE_METHOD_MATCH = YES;
				COPY_PHASE_STRIP = NO;
				DEBUG_INFORMATION_FORMAT = dwarf;
				ENABLE_STRICT_OBJC_MSGSEND = YES;
				ENABLE_TESTABILITY = YES;
				ENABLE_USER_SCRIPT_SANDBOXING = YES;
				GCC_C_LANGUAGE_STANDARD = gnu17;
				GCC_DYNAMIC_NO_PIC = NO;
				GCC_NO_COMMON_BLOCKS = YES;
				GCC_OPTIMIZATION_LEVEL = 0;
				GCC_PREPROCESSOR_DEFINITIONS = (
					"DEBUG=1",
					"$(inherited)",
				);
				GCC_WARN_64_TO_32_BIT_CONVERSION = YES;
				GCC_WARN_ABOUT_RETURN_TYPE = YES_ERROR;
				GCC_WARN_UNDECLARED_SELECTOR = YES;
				GCC_WARN_UNINITIALIZED_AUTOS = YES_AGGRESSIVE;
				GCC_WARN_UNUSED_FUNCTION = YES;
				GCC_WARN_UNUSED_VARIABLE = YES;
				IPHONEOS_DEPLOYMENT_TARGET = 17.5;
				LOCALIZATION_PREFERS_STRING_CATALOGS = YES;
				MTL_ENABLE_DEBUG_INFO = INCLUDE_SOURCE;
				MTL_FAST_MATH = YES;
				ONLY_ACTIVE_ARCH = YES;
				SDKROOT = iphoneos;
				SWIFT_ACTIVE_COMPILATION_CONDITIONS = "DEBUG $(inherited)";
				SWIFT_OPTIMIZATION_LEVEL = "-Onone";
			};
			name = Debug;
		};
		D85B6DB42C3A9209004C90F3 /* Release */ = {
			isa = XCBuildConfiguration;
			buildSettings = {
				ALWAYS_SEARCH_USER_PATHS = NO;
				ASSETCATALOG_COMPILER_GENERATE_SWIFT_ASSET_SYMBOL_EXTENSIONS = YES;
				CLANG_ANALYZER_NONNULL = YES;
				CLANG_ANALYZER_NUMBER_OBJECT_CONVERSION = YES_AGGRESSIVE;
				CLANG_CXX_LANGUAGE_STANDARD = "gnu++20";
				CLANG_ENABLE_MODULES = YES;
				CLANG_ENABLE_OBJC_ARC = YES;
				CLANG_ENABLE_OBJC_WEAK = YES;
				CLANG_WARN_BLOCK_CAPTURE_AUTORELEASING = YES;
				CLANG_WARN_BOOL_CONVERSION = YES;
				CLANG_WARN_COMMA = YES;
				CLANG_WARN_CONSTANT_CONVERSION = YES;
				CLANG_WARN_DEPRECATED_OBJC_IMPLEMENTATIONS = YES;
				CLANG_WARN_DIRECT_OBJC_ISA_USAGE = YES_ERROR;
				CLANG_WARN_DOCUMENTATION_COMMENTS = YES;
				CLANG_WARN_EMPTY_BODY = YES;
				CLANG_WARN_ENUM_CONVERSION = YES;
				CLANG_WARN_INFINITE_RECURSION = YES;
				CLANG_WARN_INT_CONVERSION = YES;
				CLANG_WARN_NON_LITERAL_NULL_CONVERSION = YES;
				CLANG_WARN_OBJC_IMPLICIT_RETAIN_SELF = YES;
				CLANG_WARN_OBJC_LITERAL_CONVERSION = YES;
				CLANG_WARN_OBJC_ROOT_CLASS = YES_ERROR;
				CLANG_WARN_QUOTED_INCLUDE_IN_FRAMEWORK_HEADER = YES;
				CLANG_WARN_RANGE_LOOP_ANALYSIS = YES;
				CLANG_WARN_STRICT_PROTOTYPES = YES;
				CLANG_WARN_SUSPICIOUS_MOVE = YES;
				CLANG_WARN_UNGUARDED_AVAILABILITY = YES_AGGRESSIVE;
				CLANG_WARN_UNREACHABLE_CODE = YES;
				CLANG_WARN__DUPLICATE_METHOD_MATCH = YES;
				COPY_PHASE_STRIP = NO;
				DEBUG_INFORMATION_FORMAT = "dwarf-with-dsym";
				ENABLE_NS_ASSERTIONS = NO;
				ENABLE_STRICT_OBJC_MSGSEND = YES;
				ENABLE_USER_SCRIPT_SANDBOXING = YES;
				GCC_C_LANGUAGE_STANDARD = gnu17;
				GCC_NO_COMMON_BLOCKS = YES;
				GCC_WARN_64_TO_32_BIT_CONVERSION = YES;
				GCC_WARN_ABOUT_RETURN_TYPE = YES_ERROR;
				GCC_WARN_UNDECLARED_SELECTOR = YES;
				GCC_WARN_UNINITIALIZED_AUTOS = YES_AGGRESSIVE;
				GCC_WARN_UNUSED_FUNCTION = YES;
				GCC_WARN_UNUSED_VARIABLE = YES;
				IPHONEOS_DEPLOYMENT_TARGET = 17.5;
				LOCALIZATION_PREFERS_STRING_CATALOGS = YES;
				MTL_ENABLE_DEBUG_INFO = NO;
				MTL_FAST_MATH = YES;
				SDKROOT = iphoneos;
				SWIFT_COMPILATION_MODE = wholemodule;
				VALIDATE_PRODUCT = YES;
			};
			name = Release;
		};
		D85B6DB62C3A9209004C90F3 /* Debug */ = {
			isa = XCBuildConfiguration;
			buildSettings = {
				ASSETCATALOG_COMPILER_APPICON_NAME = AppIcon;
				ASSETCATALOG_COMPILER_GLOBAL_ACCENT_COLOR_NAME = AccentColor;
				CODE_SIGN_STYLE = Automatic;
				CURRENT_PROJECT_VERSION = 1;
				GENERATE_INFOPLIST_FILE = YES;
				INFOPLIST_FILE = ReminderProject/Info.plist;
				INFOPLIST_KEY_UIApplicationSupportsIndirectInputEvents = YES;
				INFOPLIST_KEY_UILaunchStoryboardName = LaunchScreen;
				INFOPLIST_KEY_UIMainStoryboardFile = Main;
				INFOPLIST_KEY_UISupportedInterfaceOrientations = UIInterfaceOrientationPortrait;
				INFOPLIST_KEY_UISupportedInterfaceOrientations_iPad = "UIInterfaceOrientationLandscapeLeft UIInterfaceOrientationLandscapeRight UIInterfaceOrientationPortrait UIInterfaceOrientationPortraitUpsideDown";
				IPHONEOS_DEPLOYMENT_TARGET = 17.0;
				LD_RUNPATH_SEARCH_PATHS = (
					"$(inherited)",
					"@executable_path/Frameworks",
				);
				MARKETING_VERSION = 1.0;
				PRODUCT_BUNDLE_IDENTIFIER = com.sesac.ReminderProject;
				PRODUCT_NAME = "$(TARGET_NAME)";
				SUPPORTED_PLATFORMS = "iphoneos iphonesimulator";
				SUPPORTS_MACCATALYST = NO;
				SUPPORTS_MAC_DESIGNED_FOR_IPHONE_IPAD = NO;
				SUPPORTS_XR_DESIGNED_FOR_IPHONE_IPAD = NO;
				SWIFT_EMIT_LOC_STRINGS = YES;
				SWIFT_VERSION = 5.0;
				TARGETED_DEVICE_FAMILY = 1;
			};
			name = Debug;
		};
		D85B6DB72C3A9209004C90F3 /* Release */ = {
			isa = XCBuildConfiguration;
			buildSettings = {
				ASSETCATALOG_COMPILER_APPICON_NAME = AppIcon;
				ASSETCATALOG_COMPILER_GLOBAL_ACCENT_COLOR_NAME = AccentColor;
				CODE_SIGN_STYLE = Automatic;
				CURRENT_PROJECT_VERSION = 1;
				GENERATE_INFOPLIST_FILE = YES;
				INFOPLIST_FILE = ReminderProject/Info.plist;
				INFOPLIST_KEY_UIApplicationSupportsIndirectInputEvents = YES;
				INFOPLIST_KEY_UILaunchStoryboardName = LaunchScreen;
				INFOPLIST_KEY_UIMainStoryboardFile = Main;
				INFOPLIST_KEY_UISupportedInterfaceOrientations = UIInterfaceOrientationPortrait;
				INFOPLIST_KEY_UISupportedInterfaceOrientations_iPad = "UIInterfaceOrientationLandscapeLeft UIInterfaceOrientationLandscapeRight UIInterfaceOrientationPortrait UIInterfaceOrientationPortraitUpsideDown";
				IPHONEOS_DEPLOYMENT_TARGET = 17.0;
				LD_RUNPATH_SEARCH_PATHS = (
					"$(inherited)",
					"@executable_path/Frameworks",
				);
				MARKETING_VERSION = 1.0;
				PRODUCT_BUNDLE_IDENTIFIER = com.sesac.ReminderProject;
				PRODUCT_NAME = "$(TARGET_NAME)";
				SUPPORTED_PLATFORMS = "iphoneos iphonesimulator";
				SUPPORTS_MACCATALYST = NO;
				SUPPORTS_MAC_DESIGNED_FOR_IPHONE_IPAD = NO;
				SUPPORTS_XR_DESIGNED_FOR_IPHONE_IPAD = NO;
				SWIFT_EMIT_LOC_STRINGS = YES;
				SWIFT_VERSION = 5.0;
				TARGETED_DEVICE_FAMILY = 1;
			};
			name = Release;
		};
/* End XCBuildConfiguration section */

/* Begin XCConfigurationList section */
		D85B6D9C2C3A9207004C90F3 /* Build configuration list for PBXProject "ReminderProject" */ = {
			isa = XCConfigurationList;
			buildConfigurations = (
				D85B6DB32C3A9209004C90F3 /* Debug */,
				D85B6DB42C3A9209004C90F3 /* Release */,
			);
			defaultConfigurationIsVisible = 0;
			defaultConfigurationName = Release;
		};
		D85B6DB52C3A9209004C90F3 /* Build configuration list for PBXNativeTarget "ReminderProject" */ = {
			isa = XCConfigurationList;
			buildConfigurations = (
				D85B6DB62C3A9209004C90F3 /* Debug */,
				D85B6DB72C3A9209004C90F3 /* Release */,
			);
			defaultConfigurationIsVisible = 0;
			defaultConfigurationName = Release;
		};
/* End XCConfigurationList section */

/* Begin XCRemoteSwiftPackageReference section */
		D85B6DBB2C3A9262004C90F3 /* XCRemoteSwiftPackageReference "Toast-Swift" */ = {
			isa = XCRemoteSwiftPackageReference;
			repositoryURL = "https://github.com/scalessec/Toast-Swift.git";
			requirement = {
				kind = upToNextMajorVersion;
				minimumVersion = 5.1.1;
			};
		};
		D85B6DBE2C3A9291004C90F3 /* XCRemoteSwiftPackageReference "realm-swift" */ = {
			isa = XCRemoteSwiftPackageReference;
			repositoryURL = "https://github.com/realm/realm-swift.git";
			requirement = {
				kind = exactVersion;
				version = 10.52.1;
			};
		};
		D85B6DC12C3A929C004C90F3 /* XCRemoteSwiftPackageReference "Kingfisher" */ = {
			isa = XCRemoteSwiftPackageReference;
			repositoryURL = "https://github.com/onevcat/Kingfisher.git";
			requirement = {
				kind = upToNextMajorVersion;
				minimumVersion = 7.12.0;
			};
		};
		D85B6DC42C3A92AB004C90F3 /* XCRemoteSwiftPackageReference "Alamofire" */ = {
			isa = XCRemoteSwiftPackageReference;
			repositoryURL = "https://github.com/Alamofire/Alamofire.git";
			requirement = {
				kind = upToNextMajorVersion;
				minimumVersion = 5.9.1;
			};
		};
		D85B6DC72C3A92BC004C90F3 /* XCRemoteSwiftPackageReference "SnapKit" */ = {
			isa = XCRemoteSwiftPackageReference;
			repositoryURL = "https://github.com/SnapKit/SnapKit.git";
			requirement = {
				kind = upToNextMajorVersion;
				minimumVersion = 5.7.1;
			};
		};
/* End XCRemoteSwiftPackageReference section */

/* Begin XCSwiftPackageProductDependency section */
		D85B6DBC2C3A9262004C90F3 /* Toast */ = {
			isa = XCSwiftPackageProductDependency;
			package = D85B6DBB2C3A9262004C90F3 /* XCRemoteSwiftPackageReference "Toast-Swift" */;
			productName = Toast;
		};
		D85B6DBF2C3A9291004C90F3 /* RealmSwift */ = {
			isa = XCSwiftPackageProductDependency;
			package = D85B6DBE2C3A9291004C90F3 /* XCRemoteSwiftPackageReference "realm-swift" */;
			productName = RealmSwift;
		};
		D85B6DC22C3A929C004C90F3 /* Kingfisher */ = {
			isa = XCSwiftPackageProductDependency;
			package = D85B6DC12C3A929C004C90F3 /* XCRemoteSwiftPackageReference "Kingfisher" */;
			productName = Kingfisher;
		};
		D85B6DC52C3A92AB004C90F3 /* Alamofire */ = {
			isa = XCSwiftPackageProductDependency;
			package = D85B6DC42C3A92AB004C90F3 /* XCRemoteSwiftPackageReference "Alamofire" */;
			productName = Alamofire;
		};
		D85B6DC82C3A92BC004C90F3 /* SnapKit */ = {
			isa = XCSwiftPackageProductDependency;
			package = D85B6DC72C3A92BC004C90F3 /* XCRemoteSwiftPackageReference "SnapKit" */;
			productName = SnapKit;
		};
/* End XCSwiftPackageProductDependency section */
	};
	rootObject = D85B6D992C3A9207004C90F3 /* Project object */;
}
